
Microsoft Visual Studio Solution File, Format Version 12.00
# Visual Studio 15
VisualStudioVersion = 15.0.26730.3
MinimumVisualStudioVersion = 10.0.40219.1
Project("{8BC9CEB8-8B4A-11D0-8D11-00A0C91BC942}") = "1.Window", "1.Window\1.Window.vcxproj", "{FBD5C359-FA94-4183-AC29-F3230011D099}"
EndProject
Project("{8BC9CEB8-8B4A-11D0-8D11-00A0C91BC942}") = "2. Rendering Geometry", "2. Rendering Geometry\2. Rendering Geometry.vcxproj", "{36BD88DF-93F3-4570-AEED-0BAB9699C6D0}"
EndProject
Project("{8BC9CEB8-8B4A-11D0-8D11-00A0C91BC942}") = "3.GUI", "3.GUI\3.GUI.vcxproj", "{BCB644AE-B418-415C-92A5-6CD73037D708}"
EndProject
Project("{8BC9CEB8-8B4A-11D0-8D11-00A0C91BC942}") = "4.Camera", "4.Camera\4.Camera.vcxproj", "{88AE8133-19D5-4B73-8D24-15BDED8BA937}"
EndProject
Project("{8BC9CEB8-8B4A-11D0-8D11-00A0C91BC942}") = "5. Lighting", "5. Lighting\5. Lighting.vcxproj", "{F52E8759-F4F2-43ED-BE95-2955002176BC}"
EndProject
Global
	GlobalSection(SolutionConfigurationPlatforms) = preSolution
		Debug|x64 = Debug|x64
		Debug|x86 = Debug|x86
		Release|x64 = Release|x64
		Release|x86 = Release|x86
	EndGlobalSection
	GlobalSection(ProjectConfigurationPlatforms) = postSolution
		{FBD5C359-FA94-4183-AC29-F3230011D099}.Debug|x64.ActiveCfg = Debug|x64
		{FBD5C359-FA94-4183-AC29-F3230011D099}.Debug|x64.Build.0 = Debug|x64
		{FBD5C359-FA94-4183-AC29-F3230011D099}.Debug|x86.ActiveCfg = Debug|Win32
		{FBD5C359-FA94-4183-AC29-F3230011D099}.Debug|x86.Build.0 = Debug|Win32
		{FBD5C359-FA94-4183-AC29-F3230011D099}.Release|x64.ActiveCfg = Release|x64
		{FBD5C359-FA94-4183-AC29-F3230011D099}.Release|x64.Build.0 = Release|x64
		{FBD5C359-FA94-4183-AC29-F3230011D099}.Release|x86.ActiveCfg = Release|Win32
		{FBD5C359-FA94-4183-AC29-F3230011D099}.Release|x86.Build.0 = Release|Win32
		{36BD88DF-93F3-4570-AEED-0BAB9699C6D0}.Debug|x64.ActiveCfg = Debug|x64
		{36BD88DF-93F3-4570-AEED-0BAB9699C6D0}.Debug|x64.Build.0 = Debug|x64
		{36BD88DF-93F3-4570-AEED-0BAB9699C6D0}.Debug|x86.ActiveCfg = Debug|Win32
		{36BD88DF-93F3-4570-AEED-0BAB9699C6D0}.Debug|x86.Build.0 = Debug|Win32
		{36BD88DF-93F3-4570-AEED-0BAB9699C6D0}.Release|x64.ActiveCfg = Release|x64
		{36BD88DF-93F3-4570-AEED-0BAB9699C6D0}.Release|x64.Build.0 = Release|x64
		{36BD88DF-93F3-4570-AEED-0BAB9699C6D0}.Release|x86.ActiveCfg = Release|Win32
		{36BD88DF-93F3-4570-AEED-0BAB9699C6D0}.Release|x86.Build.0 = Release|Win32
		{BCB644AE-B418-415C-92A5-6CD73037D708}.Debug|x64.ActiveCfg = Debug|x64
		{BCB644AE-B418-415C-92A5-6CD73037D708}.Debug|x64.Build.0 = Debug|x64
		{BCB644AE-B418-415C-92A5-6CD73037D708}.Debug|x86.ActiveCfg = Debug|Win32
		{BCB644AE-B418-415C-92A5-6CD73037D708}.Debug|x86.Build.0 = Debug|Win32
		{BCB644AE-B418-415C-92A5-6CD73037D708}.Release|x64.ActiveCfg = Release|x64
		{BCB644AE-B418-415C-92A5-6CD73037D708}.Release|x64.Build.0 = Release|x64
		{BCB644AE-B418-415C-92A5-6CD73037D708}.Release|x86.ActiveCfg = Release|Win32
		{BCB644AE-B418-415C-92A5-6CD73037D708}.Release|x86.Build.0 = Release|Win32
		{88AE8133-19D5-4B73-8D24-15BDED8BA937}.Debug|x64.ActiveCfg = Debug|x64
		{88AE8133-19D5-4B73-8D24-15BDED8BA937}.Debug|x64.Build.0 = Debug|x64
		{88AE8133-19D5-4B73-8D24-15BDED8BA937}.Debug|x86.ActiveCfg = Debug|Win32
		{88AE8133-19D5-4B73-8D24-15BDED8BA937}.Debug|x86.Build.0 = Debug|Win32
		{88AE8133-19D5-4B73-8D24-15BDED8BA937}.Release|x64.ActiveCfg = Release|x64
		{88AE8133-19D5-4B73-8D24-15BDED8BA937}.Release|x64.Build.0 = Release|x64
		{88AE8133-19D5-4B73-8D24-15BDED8BA937}.Release|x86.ActiveCfg = Release|Win32
		{88AE8133-19D5-4B73-8D24-15BDED8BA937}.Release|x86.Build.0 = Release|Win32
		{F52E8759-F4F2-43ED-BE95-2955002176BC}.Debug|x64.ActiveCfg = Debug|x64
		{F52E8759-F4F2-43ED-BE95-2955002176BC}.Debug|x64.Build.0 = Debug|x64
		{F52E8759-F4F2-43ED-BE95-2955002176BC}.Debug|x86.ActiveCfg = Debug|Win32
		{F52E8759-F4F2-43ED-BE95-2955002176BC}.Debug|x86.Build.0 = Debug|Win32
		{F52E8759-F4F2-43ED-BE95-2955002176BC}.Release|x64.ActiveCfg = Release|x64
		{F52E8759-F4F2-43ED-BE95-2955002176BC}.Release|x64.Build.0 = Release|x64
		{F52E8759-F4F2-43ED-BE95-2955002176BC}.Release|x86.ActiveCfg = Release|Win32
		{F52E8759-F4F2-43ED-BE95-2955002176BC}.Release|x86.Build.0 = Release|Win32
	EndGlobalSection
	GlobalSection(SolutionProperties) = preSolution
		HideSolutionNode = FALSE
	EndGlobalSection
	GlobalSection(ExtensibilityGlobals) = postSolution
		SolutionGuid = {211719E2-0529-4B65-9F28-1F3806082334}
	EndGlobalSection
EndGlobal
